
Microsoft Visual Studio Solution File, Format Version 12.00
# Visual Studio 15
VisualStudioVersion = 15.0.27428.2015
MinimumVisualStudioVersion = 10.0.40219.1
Project("{FAE04EC0-301F-11D3-BF4B-00C04F79EFBC}") = "TestSafeWeb", "TestSafeWeb\TestSafeWeb.csproj", "{D3AC9F31-8F93-4950-A294-1EA0AD788975}"
EndProject
Project("{E24C65DC-7377-472B-9ABA-BC803B73C61A}") = "SafeWeb", "SafeWeb\", "{977D13A6-6D1C-4B46-9088-2154932024EA}"
	ProjectSection(WebsiteProperties) = preProject
		TargetFrameworkMoniker = ".NETFramework,Version%3Dv4.6.1"
		Debug.AspNetCompiler.VirtualPath = "/localhost_50454"
		Debug.AspNetCompiler.PhysicalPath = "SafeWeb\"
		Debug.AspNetCompiler.TargetPath = "PrecompiledWeb\localhost_50454\"
		Debug.AspNetCompiler.Updateable = "true"
		Debug.AspNetCompiler.ForceOverwrite = "true"
		Debug.AspNetCompiler.FixedNames = "false"
		Debug.AspNetCompiler.Debug = "True"
		Release.AspNetCompiler.VirtualPath = "/localhost_50454"
		Release.AspNetCompiler.PhysicalPath = "SafeWeb\"
		Release.AspNetCompiler.TargetPath = "PrecompiledWeb\localhost_50454\"
		Release.AspNetCompiler.Updateable = "true"
		Release.AspNetCompiler.ForceOverwrite = "true"
		Release.AspNetCompiler.FixedNames = "false"
		Release.AspNetCompiler.Debug = "False"
		VWDPort = "50454"
		SlnRelativePath = "SafeWeb\"
		DefaultWebSiteLanguage = "Visual C#"
	EndProjectSection
EndProject
Global
	GlobalSection(SolutionConfigurationPlatforms) = preSolution
		Debug|Any CPU = Debug|Any CPU
		Release|Any CPU = Release|Any CPU
	EndGlobalSection
	GlobalSection(ProjectConfigurationPlatforms) = postSolution
		{D3AC9F31-8F93-4950-A294-1EA0AD788975}.Debug|Any CPU.ActiveCfg = Debug|Any CPU
		{D3AC9F31-8F93-4950-A294-1EA0AD788975}.Debug|Any CPU.Build.0 = Debug|Any CPU
		{D3AC9F31-8F93-4950-A294-1EA0AD788975}.Release|Any CPU.ActiveCfg = Release|Any CPU
		{D3AC9F31-8F93-4950-A294-1EA0AD788975}.Release|Any CPU.Build.0 = Release|Any CPU
		{977D13A6-6D1C-4B46-9088-2154932024EA}.Debug|Any CPU.ActiveCfg = Debug|Any CPU
		{977D13A6-6D1C-4B46-9088-2154932024EA}.Debug|Any CPU.Build.0 = Debug|Any CPU
		{977D13A6-6D1C-4B46-9088-2154932024EA}.Release|Any CPU.ActiveCfg = Debug|Any CPU
		{977D13A6-6D1C-4B46-9088-2154932024EA}.Release|Any CPU.Build.0 = Debug|Any CPU
	EndGlobalSection
	GlobalSection(SolutionProperties) = preSolution
		HideSolutionNode = FALSE
	EndGlobalSection
	GlobalSection(ExtensibilityGlobals) = postSolution
		SolutionGuid = {B4CF0083-E71E-4477-88DE-01E4E9CF3B9C}
	EndGlobalSection
EndGlobal
